
Microsoft Visual Studio Solution File, Format Version 12.00
# Visual Studio Version 16
VisualStudioVersion = 16.0.29519.181
MinimumVisualStudioVersion = 10.0.40219.1
Project("{FAE04EC0-301F-11D3-BF4B-00C04F79EFBC}") = "HomeWork", "HomeWork\HomeWork.csproj", "{CD72D517-523D-43DC-8582-BD5A8CBD7351}"
EndProject
Global
	GlobalSection(SolutionConfigurationPlatforms) = preSolution
		Debug|Any CPU = Debug|Any CPU
		Release|Any CPU = Release|Any CPU
	EndGlobalSection
	GlobalSection(ProjectConfigurationPlatforms) = postSolution
		{CD72D517-523D-43DC-8582-BD5A8CBD7351}.Debug|Any CPU.ActiveCfg = Debug|Any CPU
		{CD72D517-523D-43DC-8582-BD5A8CBD7351}.Debug|Any CPU.Build.0 = Debug|Any CPU
		{CD72D517-523D-43DC-8582-BD5A8CBD7351}.Release|Any CPU.ActiveCfg = Release|Any CPU
		{CD72D517-523D-43DC-8582-BD5A8CBD7351}.Release|Any CPU.Build.0 = Release|Any CPU
	EndGlobalSection
	GlobalSection(SolutionProperties) = preSolution
		HideSolutionNode = FALSE
	EndGlobalSection
	GlobalSection(ExtensibilityGlobals) = postSolution
		SolutionGuid = {6764EC05-8BA3-4DD8-9FFC-9E083FBAB3E2}
	EndGlobalSection
EndGlobal
